
Microsoft Visual Studio Solution File, Format Version 11.00
# Visual Studio 2010
Project("{FAE04EC0-301F-11D3-BF4B-00C04F79EFBC}") = "Myp.Domain", "Myp.Domain\Myp.Domain.csproj", "{E3D8B751-43D1-4E09-B843-BDF0E24DD51E}"
EndProject
Project("{2150E333-8FDC-42A3-9474-1A3956D46DE8}") = "Tests", "Tests", "{65CADD3A-1E57-4DAD-ADD8-4C3AD9F5F293}"
EndProject
Project("{FAE04EC0-301F-11D3-BF4B-00C04F79EFBC}") = "Myp.Client.Console", "Myp.Client.Console\Myp.Client.Console.csproj", "{5D680196-CB93-4BEB-A0E0-3F823AA6757B}"
EndProject
Project("{FAE04EC0-301F-11D3-BF4B-00C04F79EFBC}") = "Myp.Core.Tests", "Myp.Core.Tests\Myp.Core.Tests.csproj", "{AD2C6377-4F0A-4658-ABAF-8F4F917B5C21}"
EndProject
Global
	GlobalSection(SolutionConfigurationPlatforms) = preSolution
		Debug|Any CPU = Debug|Any CPU
		Debug|Mixed Platforms = Debug|Mixed Platforms
		Debug|x86 = Debug|x86
		Release|Any CPU = Release|Any CPU
		Release|Mixed Platforms = Release|Mixed Platforms
		Release|x86 = Release|x86
	EndGlobalSection
	GlobalSection(ProjectConfigurationPlatforms) = postSolution
		{E3D8B751-43D1-4E09-B843-BDF0E24DD51E}.Debug|Any CPU.ActiveCfg = Debug|Any CPU
		{E3D8B751-43D1-4E09-B843-BDF0E24DD51E}.Debug|Any CPU.Build.0 = Debug|Any CPU
		{E3D8B751-43D1-4E09-B843-BDF0E24DD51E}.Debug|Mixed Platforms.ActiveCfg = Debug|Any CPU
		{E3D8B751-43D1-4E09-B843-BDF0E24DD51E}.Debug|Mixed Platforms.Build.0 = Debug|Any CPU
		{E3D8B751-43D1-4E09-B843-BDF0E24DD51E}.Debug|x86.ActiveCfg = Debug|Any CPU
		{E3D8B751-43D1-4E09-B843-BDF0E24DD51E}.Release|Any CPU.ActiveCfg = Release|Any CPU
		{E3D8B751-43D1-4E09-B843-BDF0E24DD51E}.Release|Any CPU.Build.0 = Release|Any CPU
		{E3D8B751-43D1-4E09-B843-BDF0E24DD51E}.Release|Mixed Platforms.ActiveCfg = Release|Any CPU
		{E3D8B751-43D1-4E09-B843-BDF0E24DD51E}.Release|Mixed Platforms.Build.0 = Release|Any CPU
		{E3D8B751-43D1-4E09-B843-BDF0E24DD51E}.Release|x86.ActiveCfg = Release|Any CPU
		{5D680196-CB93-4BEB-A0E0-3F823AA6757B}.Debug|Any CPU.ActiveCfg = Debug|x86
		{5D680196-CB93-4BEB-A0E0-3F823AA6757B}.Debug|Mixed Platforms.ActiveCfg = Debug|x86
		{5D680196-CB93-4BEB-A0E0-3F823AA6757B}.Debug|Mixed Platforms.Build.0 = Debug|x86
		{5D680196-CB93-4BEB-A0E0-3F823AA6757B}.Debug|x86.ActiveCfg = Debug|x86
		{5D680196-CB93-4BEB-A0E0-3F823AA6757B}.Debug|x86.Build.0 = Debug|x86
		{5D680196-CB93-4BEB-A0E0-3F823AA6757B}.Release|Any CPU.ActiveCfg = Release|x86
		{5D680196-CB93-4BEB-A0E0-3F823AA6757B}.Release|Mixed Platforms.ActiveCfg = Release|x86
		{5D680196-CB93-4BEB-A0E0-3F823AA6757B}.Release|Mixed Platforms.Build.0 = Release|x86
		{5D680196-CB93-4BEB-A0E0-3F823AA6757B}.Release|x86.ActiveCfg = Release|x86
		{5D680196-CB93-4BEB-A0E0-3F823AA6757B}.Release|x86.Build.0 = Release|x86
		{AD2C6377-4F0A-4658-ABAF-8F4F917B5C21}.Debug|Any CPU.ActiveCfg = Debug|Any CPU
		{AD2C6377-4F0A-4658-ABAF-8F4F917B5C21}.Debug|Any CPU.Build.0 = Debug|Any CPU
		{AD2C6377-4F0A-4658-ABAF-8F4F917B5C21}.Debug|Mixed Platforms.ActiveCfg = Debug|Any CPU
		{AD2C6377-4F0A-4658-ABAF-8F4F917B5C21}.Debug|Mixed Platforms.Build.0 = Debug|Any CPU
		{AD2C6377-4F0A-4658-ABAF-8F4F917B5C21}.Debug|x86.ActiveCfg = Debug|Any CPU
		{AD2C6377-4F0A-4658-ABAF-8F4F917B5C21}.Release|Any CPU.ActiveCfg = Release|Any CPU
		{AD2C6377-4F0A-4658-ABAF-8F4F917B5C21}.Release|Any CPU.Build.0 = Release|Any CPU
		{AD2C6377-4F0A-4658-ABAF-8F4F917B5C21}.Release|Mixed Platforms.ActiveCfg = Release|Any CPU
		{AD2C6377-4F0A-4658-ABAF-8F4F917B5C21}.Release|Mixed Platforms.Build.0 = Release|Any CPU
		{AD2C6377-4F0A-4658-ABAF-8F4F917B5C21}.Release|x86.ActiveCfg = Release|Any CPU
	EndGlobalSection
	GlobalSection(SolutionProperties) = preSolution
		HideSolutionNode = FALSE
	EndGlobalSection
	GlobalSection(NestedProjects) = preSolution
		{AD2C6377-4F0A-4658-ABAF-8F4F917B5C21} = {65CADD3A-1E57-4DAD-ADD8-4C3AD9F5F293}
	EndGlobalSection
EndGlobal
